
Microsoft Visual Studio Solution File, Format Version 12.00
# Visual Studio Version 17
VisualStudioVersion = 17.8.34330.188
MinimumVisualStudioVersion = 10.0.40219.1
Project("{FAE04EC0-301F-11D3-BF4B-00C04F79EFBC}") = "BiblioteqSofiya931", "BiblioteqSofiya931\BiblioteqSofiya931.csproj", "{778D1BA9-3822-46C2-B93C-420CF31B23CE}"
EndProject
Global
	GlobalSection(SolutionConfigurationPlatforms) = preSolution
		Debug|Any CPU = Debug|Any CPU
		Release|Any CPU = Release|Any CPU
	EndGlobalSection
	GlobalSection(ProjectConfigurationPlatforms) = postSolution
		{778D1BA9-3822-46C2-B93C-420CF31B23CE}.Debug|Any CPU.ActiveCfg = Debug|Any CPU
		{778D1BA9-3822-46C2-B93C-420CF31B23CE}.Debug|Any CPU.Build.0 = Debug|Any CPU
		{778D1BA9-3822-46C2-B93C-420CF31B23CE}.Release|Any CPU.ActiveCfg = Release|Any CPU
		{778D1BA9-3822-46C2-B93C-420CF31B23CE}.Release|Any CPU.Build.0 = Release|Any CPU
	EndGlobalSection
	GlobalSection(SolutionProperties) = preSolution
		HideSolutionNode = FALSE
	EndGlobalSection
	GlobalSection(ExtensibilityGlobals) = postSolution
		SolutionGuid = {DF43B6F3-91A3-4FDD-8387-2574DC5FC73B}
	EndGlobalSection
EndGlobal
